// !$*UTF8*$!
{
	archiveVersion = 1;
	classes = {
	};
	objectVersion = 46;
	objects = {

/* Begin PBXBuildFile section */
		0A2B22F71A898256008EAF60 /* test.cpp in Sources */ = {isa = PBXBuildFile; fileRef = 0A2B22F61A898256008EAF60 /* test.cpp */; };
		0A2B22FF1A898E92008EAF60 /* libglfw3.3.0.dylib in Frameworks */ = {isa = PBXBuildFile; fileRef = 0A2B22FE1A898E92008EAF60 /* libglfw3.3.0.dylib */; };
		0A2B23011A898EA3008EAF60 /* Cocoa.framework in Frameworks */ = {isa = PBXBuildFile; fileRef = 0A2B23001A898EA3008EAF60 /* Cocoa.framework */; };
		0A2B23031A898EAA008EAF60 /* OpenGL.framework in Frameworks */ = {isa = PBXBuildFile; fileRef = 0A2B23021A898EAA008EAF60 /* OpenGL.framework */; };
		0A2B23051A898EB4008EAF60 /* IOKit.framework in Frameworks */ = {isa = PBXBuildFile; fileRef = 0A2B23041A898EB4008EAF60 /* IOKit.framework */; };
		0A2B23071A898FF1008EAF60 /* gtest.framework in Frameworks */ = {isa = PBXBuildFile; fileRef = 0A2B23061A898FF1008EAF60 /* gtest.framework */; };
		0A2B230A1A899065008EAF60 /* Window.cpp in Sources */ = {isa = PBXBuildFile; fileRef = 0A2B23081A899065008EAF60 /* Window.cpp */; };
		0A2B230D1A89922F008EAF60 /* assets in CopyFiles */ = {isa = PBXBuildFile; fileRef = 0A2B230C1A89922F008EAF60 /* assets */; };
		0A2B231A1A89A211008EAF60 /* Vector.h in Headers */ = {isa = PBXBuildFile; fileRef = 0A2B230F1A89A17A008EAF60 /* Vector.h */; settings = {ATTRIBUTES = (Public, ); }; };
		0A2B23201A89A7D4008EAF60 /* Shader.cpp in Sources */ = {isa = PBXBuildFile; fileRef = 0A2B231E1A89A7D4008EAF60 /* Shader.cpp */; };
		0AFF10E71A89B4B400050D1B /* main.cpp in Sources */ = {isa = PBXBuildFile; fileRef = 0AFF10E61A89B4B400050D1B /* main.cpp */; };
		0AFF10EC1A89B4C400050D1B /* gtest.framework in Frameworks */ = {isa = PBXBuildFile; fileRef = 0A2B23061A898FF1008EAF60 /* gtest.framework */; };
		0AFF10ED1A89B4CF00050D1B /* gtest.framework in Frameworks */ = {isa = PBXBuildFile; fileRef = 0A2B23061A898FF1008EAF60 /* gtest.framework */; };
		0AFF11291A89CBCB00050D1B /* Object.cpp in Sources */ = {isa = PBXBuildFile; fileRef = 0AFF11271A89CBCB00050D1B /* Object.cpp */; };
		0AFF11331A89CDD600050D1B /* Window.cpp in Sources */ = {isa = PBXBuildFile; fileRef = 0A2B23081A899065008EAF60 /* Window.cpp */; };
		0AFF11341A89CDD600050D1B /* Shader.cpp in Sources */ = {isa = PBXBuildFile; fileRef = 0A2B231E1A89A7D4008EAF60 /* Shader.cpp */; };
		0AFF11351A89CDD600050D1B /* Object.cpp in Sources */ = {isa = PBXBuildFile; fileRef = 0AFF11271A89CBCB00050D1B /* Object.cpp */; };
		0AFF11361A89CDEF00050D1B /* Window.h in Headers */ = {isa = PBXBuildFile; fileRef = 0A2B23091A899065008EAF60 /* Window.h */; settings = {ATTRIBUTES = (Public, ); }; };
		0AFF11371A89CDEF00050D1B /* Shader.h in Headers */ = {isa = PBXBuildFile; fileRef = 0A2B231F1A89A7D4008EAF60 /* Shader.h */; settings = {ATTRIBUTES = (Public, ); }; };
		0AFF11381A89CDEF00050D1B /* Object.h in Headers */ = {isa = PBXBuildFile; fileRef = 0AFF11281A89CBCB00050D1B /* Object.h */; settings = {ATTRIBUTES = (Public, ); }; };
		0AFF11391A89CE6500050D1B /* gtest.framework in Frameworks */ = {isa = PBXBuildFile; fileRef = 0A2B23061A898FF1008EAF60 /* gtest.framework */; };
		0AFF113A1A89CE6700050D1B /* OpenGL.framework in Frameworks */ = {isa = PBXBuildFile; fileRef = 0A2B23021A898EAA008EAF60 /* OpenGL.framework */; };
		0AFF113B1A89CE6900050D1B /* IOKit.framework in Frameworks */ = {isa = PBXBuildFile; fileRef = 0A2B23041A898EB4008EAF60 /* IOKit.framework */; };
		0AFF113C1A89CE6B00050D1B /* Cocoa.framework in Frameworks */ = {isa = PBXBuildFile; fileRef = 0A2B23001A898EA3008EAF60 /* Cocoa.framework */; };
		0AFF113D1A89CE7100050D1B /* libglfw3.3.0.dylib in Frameworks */ = {isa = PBXBuildFile; fileRef = 0A2B22FE1A898E92008EAF60 /* libglfw3.3.0.dylib */; };
		0AFF11411A8BD78E00050D1B /* libmath.a in Frameworks */ = {isa = PBXBuildFile; fileRef = 0A2B23151A89A1FD008EAF60 /* libmath.a */; };
/* End PBXBuildFile section */

/* Begin PBXContainerItemProxy section */
		0AFF10F01A89B4FB00050D1B /* PBXContainerItemProxy */ = {
			isa = PBXContainerItemProxy;
			containerPortal = 0A2B22EB1A898256008EAF60 /* Project object */;
			proxyType = 1;
			remoteGlobalIDString = 0A2B23141A89A1FD008EAF60;
			remoteInfo = math;
		};
		0AFF113E1A89CE9C00050D1B /* PBXContainerItemProxy */ = {
			isa = PBXContainerItemProxy;
			containerPortal = 0A2B22EB1A898256008EAF60 /* Project object */;
			proxyType = 1;
			remoteGlobalIDString = 0A2B23141A89A1FD008EAF60;
			remoteInfo = math;
		};
/* End PBXContainerItemProxy section */

/* Begin PBXCopyFilesBuildPhase section */
		0A2B230B1A899159008EAF60 /* CopyFiles */ = {
			isa = PBXCopyFilesBuildPhase;
			buildActionMask = 2147483647;
			dstPath = assets;
			dstSubfolderSpec = 7;
			files = (
				0A2B230D1A89922F008EAF60 /* assets in CopyFiles */,
			);
			runOnlyForDeploymentPostprocessing = 0;
		};
		0AFF10E21A89B4B400050D1B /* CopyFiles */ = {
			isa = PBXCopyFilesBuildPhase;
			buildActionMask = 2147483647;
			dstPath = /usr/share/man/man1/;
			dstSubfolderSpec = 0;
			files = (
			);
			runOnlyForDeploymentPostprocessing = 1;
		};
/* End PBXCopyFilesBuildPhase section */

/* Begin PBXFileReference section */
		0A2B22F31A898256008EAF60 /* Clue */ = {isa = PBXFileReference; explicitFileType = "compiled.mach-o.executable"; includeInIndex = 0; path = Clue; sourceTree = BUILT_PRODUCTS_DIR; };
		0A2B22F61A898256008EAF60 /* test.cpp */ = {isa = PBXFileReference; lastKnownFileType = sourcecode.cpp.cpp; path = test.cpp; sourceTree = "<group>"; };
		0A2B22FE1A898E92008EAF60 /* libglfw3.3.0.dylib */ = {isa = PBXFileReference; lastKnownFileType = "compiled.mach-o.dylib"; name = libglfw3.3.0.dylib; path = /usr/local/Cellar/glfw3/3.0.4/lib/libglfw3.3.0.dylib; sourceTree = "<absolute>"; };
		0A2B23001A898EA3008EAF60 /* Cocoa.framework */ = {isa = PBXFileReference; lastKnownFileType = wrapper.framework; name = Cocoa.framework; path = System/Library/Frameworks/Cocoa.framework; sourceTree = SDKROOT; };
		0A2B23021A898EAA008EAF60 /* OpenGL.framework */ = {isa = PBXFileReference; lastKnownFileType = wrapper.framework; name = OpenGL.framework; path = System/Library/Frameworks/OpenGL.framework; sourceTree = SDKROOT; };
		0A2B23041A898EB4008EAF60 /* IOKit.framework */ = {isa = PBXFileReference; lastKnownFileType = wrapper.framework; name = IOKit.framework; path = System/Library/Frameworks/IOKit.framework; sourceTree = SDKROOT; };
		0A2B23061A898FF1008EAF60 /* gtest.framework */ = {isa = PBXFileReference; lastKnownFileType = wrapper.framework; name = gtest.framework; path = ../../Desktop/gtest.framework; sourceTree = "<group>"; };
		0A2B23081A899065008EAF60 /* Window.cpp */ = {isa = PBXFileReference; fileEncoding = 4; lastKnownFileType = sourcecode.cpp.cpp; path = Window.cpp; sourceTree = "<group>"; };
		0A2B23091A899065008EAF60 /* Window.h */ = {isa = PBXFileReference; fileEncoding = 4; lastKnownFileType = sourcecode.c.h; path = Window.h; sourceTree = "<group>"; };
		0A2B230C1A89922F008EAF60 /* assets */ = {isa = PBXFileReference; lastKnownFileType = folder; path = assets; sourceTree = "<group>"; };
		0A2B230F1A89A17A008EAF60 /* Vector.h */ = {isa = PBXFileReference; fileEncoding = 4; lastKnownFileType = sourcecode.c.h; lineEnding = 0; path = Vector.h; sourceTree = "<group>"; xcLanguageSpecificationIdentifier = xcode.lang.objcpp; };
		0A2B23151A89A1FD008EAF60 /* libmath.a */ = {isa = PBXFileReference; explicitFileType = archive.ar; includeInIndex = 0; path = libmath.a; sourceTree = BUILT_PRODUCTS_DIR; };
		0A2B231C1A89A74A008EAF60 /* test_shader.shader */ = {isa = PBXFileReference; fileEncoding = 4; lastKnownFileType = text; path = test_shader.shader; sourceTree = "<group>"; };
		0A2B231D1A89A76F008EAF60 /* test_frag_shader.shader */ = {isa = PBXFileReference; fileEncoding = 4; lastKnownFileType = text; path = test_frag_shader.shader; sourceTree = "<group>"; };
		0A2B231E1A89A7D4008EAF60 /* Shader.cpp */ = {isa = PBXFileReference; fileEncoding = 4; lastKnownFileType = sourcecode.cpp.cpp; path = Shader.cpp; sourceTree = "<group>"; };
		0A2B231F1A89A7D4008EAF60 /* Shader.h */ = {isa = PBXFileReference; fileEncoding = 4; lastKnownFileType = sourcecode.c.h; path = Shader.h; sourceTree = "<group>"; };
		0AFF10E41A89B4B400050D1B /* VectorTests */ = {isa = PBXFileReference; explicitFileType = "compiled.mach-o.executable"; includeInIndex = 0; path = VectorTests; sourceTree = BUILT_PRODUCTS_DIR; };
		0AFF10E61A89B4B400050D1B /* main.cpp */ = {isa = PBXFileReference; lastKnownFileType = sourcecode.cpp.cpp; path = main.cpp; sourceTree = "<group>"; };
		0AFF11221A89CB8E00050D1B /* main.cpp */ = {isa = PBXFileReference; lastKnownFileType = sourcecode.cpp.cpp; path = main.cpp; sourceTree = "<group>"; };
		0AFF11271A89CBCB00050D1B /* Object.cpp */ = {isa = PBXFileReference; fileEncoding = 4; lastKnownFileType = sourcecode.cpp.cpp; path = Object.cpp; sourceTree = "<group>"; };
		0AFF11281A89CBCB00050D1B /* Object.h */ = {isa = PBXFileReference; fileEncoding = 4; lastKnownFileType = sourcecode.c.h; path = Object.h; sourceTree = "<group>"; };
		0AFF112F1A89CDBD00050D1B /* libgui.a */ = {isa = PBXFileReference; explicitFileType = archive.ar; includeInIndex = 0; path = libgui.a; sourceTree = BUILT_PRODUCTS_DIR; };
/* End PBXFileReference section */

/* Begin PBXFrameworksBuildPhase section */
		0A2B22F01A898256008EAF60 /* Frameworks */ = {
			isa = PBXFrameworksBuildPhase;
			buildActionMask = 2147483647;
			files = (
				0A2B23051A898EB4008EAF60 /* IOKit.framework in Frameworks */,
				0A2B23031A898EAA008EAF60 /* OpenGL.framework in Frameworks */,
				0A2B23011A898EA3008EAF60 /* Cocoa.framework in Frameworks */,
				0A2B23071A898FF1008EAF60 /* gtest.framework in Frameworks */,
				0A2B22FF1A898E92008EAF60 /* libglfw3.3.0.dylib in Frameworks */,
			);
			runOnlyForDeploymentPostprocessing = 0;
		};
		0A2B23121A89A1FD008EAF60 /* Frameworks */ = {
			isa = PBXFrameworksBuildPhase;
			buildActionMask = 2147483647;
			files = (
				0AFF10ED1A89B4CF00050D1B /* gtest.framework in Frameworks */,
			);
			runOnlyForDeploymentPostprocessing = 0;
		};
		0AFF10E11A89B4B400050D1B /* Frameworks */ = {
			isa = PBXFrameworksBuildPhase;
			buildActionMask = 2147483647;
			files = (
				0AFF10EC1A89B4C400050D1B /* gtest.framework in Frameworks */,
			);
			runOnlyForDeploymentPostprocessing = 0;
		};
		0AFF112C1A89CDBD00050D1B /* Frameworks */ = {
			isa = PBXFrameworksBuildPhase;
			buildActionMask = 2147483647;
			files = (
				0AFF11411A8BD78E00050D1B /* libmath.a in Frameworks */,
				0AFF113D1A89CE7100050D1B /* libglfw3.3.0.dylib in Frameworks */,
				0AFF11391A89CE6500050D1B /* gtest.framework in Frameworks */,
				0AFF113A1A89CE6700050D1B /* OpenGL.framework in Frameworks */,
				0AFF113C1A89CE6B00050D1B /* Cocoa.framework in Frameworks */,
				0AFF113B1A89CE6900050D1B /* IOKit.framework in Frameworks */,
			);
			runOnlyForDeploymentPostprocessing = 0;
		};
/* End PBXFrameworksBuildPhase section */

/* Begin PBXGroup section */
		0A2B22EA1A898256008EAF60 = {
			isa = PBXGroup;
			children = (
				0AFF11401A8BD4FC00050D1B /* dependencies */,
				0A2B230C1A89922F008EAF60 /* assets */,
				0A2B22FD1A8985F8008EAF60 /* src */,
				0AFF11431A8BD84F00050D1B /* math */,
				0A2B22F51A898256008EAF60 /* Clue */,
				0AFF10E51A89B4B400050D1B /* VectorTests */,
				0AFF11211A89CB8E00050D1B /* Grapher */,
				0A2B22F41A898256008EAF60 /* Products */,
				0A2B231B1A89A71A008EAF60 /* shaders */,
			);
			sourceTree = "<group>";
		};
		0A2B22F41A898256008EAF60 /* Products */ = {
			isa = PBXGroup;
			children = (
				0A2B22F31A898256008EAF60 /* Clue */,
				0A2B23151A89A1FD008EAF60 /* libmath.a */,
				0AFF10E41A89B4B400050D1B /* VectorTests */,
				0AFF112F1A89CDBD00050D1B /* libgui.a */,
			);
			name = Products;
			sourceTree = "<group>";
		};
		0A2B22F51A898256008EAF60 /* Clue */ = {
			isa = PBXGroup;
			children = (
				0A2B22F61A898256008EAF60 /* test.cpp */,
			);
			path = Clue;
			sourceTree = "<group>";
		};
		0A2B22FD1A8985F8008EAF60 /* src */ = {
			isa = PBXGroup;
			children = (
				0A2B23081A899065008EAF60 /* Window.cpp */,
				0A2B23091A899065008EAF60 /* Window.h */,
				0A2B231E1A89A7D4008EAF60 /* Shader.cpp */,
				0A2B231F1A89A7D4008EAF60 /* Shader.h */,
				0AFF11271A89CBCB00050D1B /* Object.cpp */,
				0AFF11281A89CBCB00050D1B /* Object.h */,
			);
			name = src;
			sourceTree = "<group>";
		};
		0A2B231B1A89A71A008EAF60 /* shaders */ = {
			isa = PBXGroup;
			children = (
				0A2B231C1A89A74A008EAF60 /* test_shader.shader */,
				0A2B231D1A89A76F008EAF60 /* test_frag_shader.shader */,
			);
			name = shaders;
			sourceTree = "<group>";
		};
		0AFF10E51A89B4B400050D1B /* VectorTests */ = {
			isa = PBXGroup;
			children = (
				0AFF10E61A89B4B400050D1B /* main.cpp */,
			);
			path = VectorTests;
			sourceTree = "<group>";
		};
		0AFF11211A89CB8E00050D1B /* Grapher */ = {
			isa = PBXGroup;
			children = (
				0AFF11221A89CB8E00050D1B /* main.cpp */,
			);
			path = Grapher;
			sourceTree = "<group>";
		};
		0AFF11401A8BD4FC00050D1B /* dependencies */ = {
			isa = PBXGroup;
			children = (
				0A2B22FE1A898E92008EAF60 /* libglfw3.3.0.dylib */,
				0A2B23061A898FF1008EAF60 /* gtest.framework */,
				0A2B23041A898EB4008EAF60 /* IOKit.framework */,
				0A2B23021A898EAA008EAF60 /* OpenGL.framework */,
				0A2B23001A898EA3008EAF60 /* Cocoa.framework */,
			);
			name = dependencies;
			sourceTree = "<group>";
		};
		0AFF11431A8BD84F00050D1B /* math */ = {
			isa = PBXGroup;
			children = (
				0A2B230F1A89A17A008EAF60 /* Vector.h */,
			);
			name = math;
			sourceTree = "<group>";
		};
/* End PBXGroup section */

/* Begin PBXHeadersBuildPhase section */
		0A2B23131A89A1FD008EAF60 /* Headers */ = {
			isa = PBXHeadersBuildPhase;
			buildActionMask = 2147483647;
			files = (
				0A2B231A1A89A211008EAF60 /* Vector.h in Headers */,
			);
			runOnlyForDeploymentPostprocessing = 0;
		};
		0AFF112D1A89CDBD00050D1B /* Headers */ = {
			isa = PBXHeadersBuildPhase;
			buildActionMask = 2147483647;
			files = (
				0AFF11361A89CDEF00050D1B /* Window.h in Headers */,
				0AFF11371A89CDEF00050D1B /* Shader.h in Headers */,
				0AFF11381A89CDEF00050D1B /* Object.h in Headers */,
			);
			runOnlyForDeploymentPostprocessing = 0;
		};
/* End PBXHeadersBuildPhase section */

/* Begin PBXNativeTarget section */
		0A2B22F21A898256008EAF60 /* Clue */ = {
			isa = PBXNativeTarget;
			buildConfigurationList = 0A2B22FA1A898256008EAF60 /* Build configuration list for PBXNativeTarget "Clue" */;
			buildPhases = (
				0A2B22EF1A898256008EAF60 /* Sources */,
				0A2B22F01A898256008EAF60 /* Frameworks */,
				0A2B230B1A899159008EAF60 /* CopyFiles */,
			);
			buildRules = (
			);
			dependencies = (
			);
			name = Clue;
			productName = Clue;
			productReference = 0A2B22F31A898256008EAF60 /* Clue */;
			productType = "com.apple.product-type.tool";
		};
		0A2B23141A89A1FD008EAF60 /* math */ = {
			isa = PBXNativeTarget;
			buildConfigurationList = 0A2B23161A89A1FD008EAF60 /* Build configuration list for PBXNativeTarget "math" */;
			buildPhases = (
				0A2B23111A89A1FD008EAF60 /* Sources */,
				0A2B23121A89A1FD008EAF60 /* Frameworks */,
				0A2B23131A89A1FD008EAF60 /* Headers */,
			);
			buildRules = (
			);
			dependencies = (
			);
			name = math;
			productName = math;
			productReference = 0A2B23151A89A1FD008EAF60 /* libmath.a */;
			productType = "com.apple.product-type.library.static";
		};
		0AFF10E31A89B4B400050D1B /* VectorTests */ = {
			isa = PBXNativeTarget;
			buildConfigurationList = 0AFF10EA1A89B4B400050D1B /* Build configuration list for PBXNativeTarget "VectorTests" */;
			buildPhases = (
				0AFF10E01A89B4B400050D1B /* Sources */,
				0AFF10E11A89B4B400050D1B /* Frameworks */,
				0AFF10E21A89B4B400050D1B /* CopyFiles */,
			);
			buildRules = (
			);
			dependencies = (
				0AFF10F11A89B4FB00050D1B /* PBXTargetDependency */,
			);
			name = VectorTests;
			productName = VectorTests;
			productReference = 0AFF10E41A89B4B400050D1B /* VectorTests */;
			productType = "com.apple.product-type.tool";
		};
		0AFF112E1A89CDBD00050D1B /* gui */ = {
			isa = PBXNativeTarget;
			buildConfigurationList = 0AFF11301A89CDBD00050D1B /* Build configuration list for PBXNativeTarget "gui" */;
			buildPhases = (
				0AFF112B1A89CDBD00050D1B /* Sources */,
				0AFF112C1A89CDBD00050D1B /* Frameworks */,
				0AFF112D1A89CDBD00050D1B /* Headers */,
			);
			buildRules = (
			);
			dependencies = (
				0AFF113F1A89CE9C00050D1B /* PBXTargetDependency */,
			);
			name = gui;
			productName = gui;
			productReference = 0AFF112F1A89CDBD00050D1B /* libgui.a */;
			productType = "com.apple.product-type.library.static";
		};
/* End PBXNativeTarget section */

/* Begin PBXProject section */
		0A2B22EB1A898256008EAF60 /* Project object */ = {
			isa = PBXProject;
			attributes = {
				LastUpgradeCheck = 0610;
				ORGANIZATIONNAME = "JDG Corp";
				TargetAttributes = {
					0A2B22F21A898256008EAF60 = {
						CreatedOnToolsVersion = 6.1.1;
					};
					0A2B23141A89A1FD008EAF60 = {
						CreatedOnToolsVersion = 6.1.1;
					};
					0AFF10E31A89B4B400050D1B = {
						CreatedOnToolsVersion = 6.1.1;
					};
					0AFF112E1A89CDBD00050D1B = {
						CreatedOnToolsVersion = 6.1.1;
					};
				};
			};
			buildConfigurationList = 0A2B22EE1A898256008EAF60 /* Build configuration list for PBXProject "Clue" */;
			compatibilityVersion = "Xcode 3.2";
			developmentRegion = English;
			hasScannedForEncodings = 0;
			knownRegions = (
				en,
			);
			mainGroup = 0A2B22EA1A898256008EAF60;
			productRefGroup = 0A2B22F41A898256008EAF60 /* Products */;
			projectDirPath = "";
			projectRoot = "";
			targets = (
				0A2B22F21A898256008EAF60 /* Clue */,
				0A2B23141A89A1FD008EAF60 /* math */,
				0AFF112E1A89CDBD00050D1B /* gui */,
				0AFF10E31A89B4B400050D1B /* VectorTests */,
			);
		};
/* End PBXProject section */

/* Begin PBXSourcesBuildPhase section */
		0A2B22EF1A898256008EAF60 /* Sources */ = {
			isa = PBXSourcesBuildPhase;
			buildActionMask = 2147483647;
			files = (
				0A2B22F71A898256008EAF60 /* test.cpp in Sources */,
				0A2B230A1A899065008EAF60 /* Window.cpp in Sources */,
				0A2B23201A89A7D4008EAF60 /* Shader.cpp in Sources */,
				0AFF11291A89CBCB00050D1B /* Object.cpp in Sources */,
			);
			runOnlyForDeploymentPostprocessing = 0;
		};
		0A2B23111A89A1FD008EAF60 /* Sources */ = {
			isa = PBXSourcesBuildPhase;
			buildActionMask = 2147483647;
			files = (
			);
			runOnlyForDeploymentPostprocessing = 0;
		};
		0AFF10E01A89B4B400050D1B /* Sources */ = {
			isa = PBXSourcesBuildPhase;
			buildActionMask = 2147483647;
			files = (
				0AFF10E71A89B4B400050D1B /* main.cpp in Sources */,
			);
			runOnlyForDeploymentPostprocessing = 0;
		};
		0AFF112B1A89CDBD00050D1B /* Sources */ = {
			isa = PBXSourcesBuildPhase;
			buildActionMask = 2147483647;
			files = (
				0AFF11331A89CDD600050D1B /* Window.cpp in Sources */,
				0AFF11341A89CDD600050D1B /* Shader.cpp in Sources */,
				0AFF11351A89CDD600050D1B /* Object.cpp in Sources */,
			);
			runOnlyForDeploymentPostprocessing = 0;
		};
/* End PBXSourcesBuildPhase section */

/* Begin PBXTargetDependency section */
		0AFF10F11A89B4FB00050D1B /* PBXTargetDependency */ = {
			isa = PBXTargetDependency;
			target = 0A2B23141A89A1FD008EAF60 /* math */;
			targetProxy = 0AFF10F01A89B4FB00050D1B /* PBXContainerItemProxy */;
		};
		0AFF113F1A89CE9C00050D1B /* PBXTargetDependency */ = {
			isa = PBXTargetDependency;
			target = 0A2B23141A89A1FD008EAF60 /* math */;
			targetProxy = 0AFF113E1A89CE9C00050D1B /* PBXContainerItemProxy */;
		};
/* End PBXTargetDependency section */

/* Begin XCBuildConfiguration section */
		0A2B22F81A898256008EAF60 /* Debug */ = {
			isa = XCBuildConfiguration;
			buildSettings = {
				ALWAYS_SEARCH_USER_PATHS = NO;
				CLANG_CXX_LANGUAGE_STANDARD = "gnu++0x";
				CLANG_CXX_LIBRARY = "libc++";
				CLANG_ENABLE_MODULES = YES;
				CLANG_ENABLE_OBJC_ARC = YES;
				CLANG_WARN_BOOL_CONVERSION = YES;
				CLANG_WARN_CONSTANT_CONVERSION = YES;
				CLANG_WARN_DIRECT_OBJC_ISA_USAGE = YES_ERROR;
				CLANG_WARN_EMPTY_BODY = YES;
				CLANG_WARN_ENUM_CONVERSION = YES;
				CLANG_WARN_INT_CONVERSION = YES;
				CLANG_WARN_OBJC_ROOT_CLASS = YES_ERROR;
				CLANG_WARN_UNREACHABLE_CODE = YES;
				CLANG_WARN__DUPLICATE_METHOD_MATCH = YES;
				COPY_PHASE_STRIP = NO;
				ENABLE_STRICT_OBJC_MSGSEND = YES;
				GCC_C_LANGUAGE_STANDARD = gnu99;
				GCC_DYNAMIC_NO_PIC = NO;
				GCC_OPTIMIZATION_LEVEL = 0;
				GCC_PREPROCESSOR_DEFINITIONS = (
					"DEBUG=1",
					"$(inherited)",
				);
				GCC_SYMBOLS_PRIVATE_EXTERN = NO;
				GCC_WARN_64_TO_32_BIT_CONVERSION = YES;
				GCC_WARN_ABOUT_RETURN_TYPE = YES_ERROR;
				GCC_WARN_UNDECLARED_SELECTOR = YES;
				GCC_WARN_UNINITIALIZED_AUTOS = YES_AGGRESSIVE;
				GCC_WARN_UNUSED_FUNCTION = YES;
				GCC_WARN_UNUSED_VARIABLE = YES;
				HEADER_SEARCH_PATHS = (
					"$(inherited)",
					/Applications/Xcode.app/Contents/Developer/Toolchains/XcodeDefault.xctoolchain/usr/include,
					/usr/local/include,
				);
				MACOSX_DEPLOYMENT_TARGET = 10.10;
				MTL_ENABLE_DEBUG_INFO = YES;
				ONLY_ACTIVE_ARCH = YES;
				SDKROOT = macosx;
			};
			name = Debug;
		};
		0A2B22F91A898256008EAF60 /* Release */ = {
			isa = XCBuildConfiguration;
			buildSettings = {
				ALWAYS_SEARCH_USER_PATHS = NO;
				CLANG_CXX_LANGUAGE_STANDARD = "gnu++0x";
				CLANG_CXX_LIBRARY = "libc++";
				CLANG_ENABLE_MODULES = YES;
				CLANG_ENABLE_OBJC_ARC = YES;
				CLANG_WARN_BOOL_CONVERSION = YES;
				CLANG_WARN_CONSTANT_CONVERSION = YES;
				CLANG_WARN_DIRECT_OBJC_ISA_USAGE = YES_ERROR;
				CLANG_WARN_EMPTY_BODY = YES;
				CLANG_WARN_ENUM_CONVERSION = YES;
				CLANG_WARN_INT_CONVERSION = YES;
				CLANG_WARN_OBJC_ROOT_CLASS = YES_ERROR;
				CLANG_WARN_UNREACHABLE_CODE = YES;
				CLANG_WARN__DUPLICATE_METHOD_MATCH = YES;
				COPY_PHASE_STRIP = YES;
				DEBUG_INFORMATION_FORMAT = "dwarf-with-dsym";
				ENABLE_NS_ASSERTIONS = NO;
				ENABLE_STRICT_OBJC_MSGSEND = YES;
				GCC_C_LANGUAGE_STANDARD = gnu99;
				GCC_WARN_64_TO_32_BIT_CONVERSION = YES;
				GCC_WARN_ABOUT_RETURN_TYPE = YES_ERROR;
				GCC_WARN_UNDECLARED_SELECTOR = YES;
				GCC_WARN_UNINITIALIZED_AUTOS = YES_AGGRESSIVE;
				GCC_WARN_UNUSED_FUNCTION = YES;
				GCC_WARN_UNUSED_VARIABLE = YES;
				HEADER_SEARCH_PATHS = (
					"$(inherited)",
					/Applications/Xcode.app/Contents/Developer/Toolchains/XcodeDefault.xctoolchain/usr/include,
					/usr/local/include,
				);
				MACOSX_DEPLOYMENT_TARGET = 10.10;
				MTL_ENABLE_DEBUG_INFO = NO;
				SDKROOT = macosx;
			};
			name = Release;
		};
		0A2B22FB1A898256008EAF60 /* Debug */ = {
			isa = XCBuildConfiguration;
			buildSettings = {
				FRAMEWORK_SEARCH_PATHS = (
					"$(inherited)",
					/Users/gillis/Desktop,
				);
				LIBRARY_SEARCH_PATHS = (
					"$(inherited)",
					/usr/local/Cellar/glfw3/3.0.4/lib,
				);
				PRODUCT_NAME = "$(TARGET_NAME)";
			};
			name = Debug;
		};
		0A2B22FC1A898256008EAF60 /* Release */ = {
			isa = XCBuildConfiguration;
			buildSettings = {
				FRAMEWORK_SEARCH_PATHS = (
					"$(inherited)",
					/Users/gillis/Desktop,
				);
				LIBRARY_SEARCH_PATHS = (
					"$(inherited)",
					/usr/local/Cellar/glfw3/3.0.4/lib,
				);
				PRODUCT_NAME = "$(TARGET_NAME)";
			};
			name = Release;
		};
		0A2B23171A89A1FD008EAF60 /* Debug */ = {
			isa = XCBuildConfiguration;
			buildSettings = {
				EXECUTABLE_PREFIX = lib;
				FRAMEWORK_SEARCH_PATHS = (
					"$(inherited)",
					/Users/gillis/Desktop,
				);
				GCC_PREPROCESSOR_DEFINITIONS = (
					"DEBUG=1",
					"$(inherited)",
				);
				PRODUCT_NAME = "$(TARGET_NAME)";
				STRIP_INSTALLED_PRODUCT = YES;
			};
			name = Debug;
		};
		0A2B23181A89A1FD008EAF60 /* Release */ = {
			isa = XCBuildConfiguration;
			buildSettings = {
				EXECUTABLE_PREFIX = lib;
				FRAMEWORK_SEARCH_PATHS = (
					"$(inherited)",
					/Users/gillis/Desktop,
				);
				PRODUCT_NAME = "$(TARGET_NAME)";
			};
			name = Release;
		};
		0AFF10E81A89B4B400050D1B /* Debug */ = {
			isa = XCBuildConfiguration;
			buildSettings = {
				FRAMEWORK_SEARCH_PATHS = (
					"$(inherited)",
					/Users/gillis/Desktop,
				);
				GCC_PREPROCESSOR_DEFINITIONS = (
					"DEBUG=1",
					"$(inherited)",
				);
				PRODUCT_NAME = "$(TARGET_NAME)";
			};
			name = Debug;
		};
		0AFF10E91A89B4B400050D1B /* Release */ = {
			isa = XCBuildConfiguration;
			buildSettings = {
				FRAMEWORK_SEARCH_PATHS = (
					"$(inherited)",
					/Users/gillis/Desktop,
				);
				PRODUCT_NAME = "$(TARGET_NAME)";
			};
			name = Release;
		};
		0AFF11311A89CDBD00050D1B /* Debug */ = {
			isa = XCBuildConfiguration;
			buildSettings = {
				EXECUTABLE_PREFIX = lib;
				FRAMEWORK_SEARCH_PATHS = (
					"$(inherited)",
					/Users/gillis/Desktop,
				);
				GCC_PREPROCESSOR_DEFINITIONS = (
					"DEBUG=1",
					"$(inherited)",
				);
				LIBRARY_SEARCH_PATHS = (
					"$(inherited)",
					/usr/local/Cellar/glfw3/3.0.4/lib,
				);
				PRODUCT_NAME = "$(TARGET_NAME)";
			};
			name = Debug;
		};
		0AFF11321A89CDBD00050D1B /* Release */ = {
			isa = XCBuildConfiguration;
			buildSettings = {
				EXECUTABLE_PREFIX = lib;
				FRAMEWORK_SEARCH_PATHS = (
					"$(inherited)",
					/Users/gillis/Desktop,
				);
				LIBRARY_SEARCH_PATHS = (
					"$(inherited)",
					/usr/local/Cellar/glfw3/3.0.4/lib,
				);
				PRODUCT_NAME = "$(TARGET_NAME)";
			};
			name = Release;
		};
/* End XCBuildConfiguration section */

/* Begin XCConfigurationList section */
		0A2B22EE1A898256008EAF60 /* Build configuration list for PBXProject "Clue" */ = {
			isa = XCConfigurationList;
			buildConfigurations = (
				0A2B22F81A898256008EAF60 /* Debug */,
				0A2B22F91A898256008EAF60 /* Release */,
			);
			defaultConfigurationIsVisible = 0;
			defaultConfigurationName = Release;
		};
		0A2B22FA1A898256008EAF60 /* Build configuration list for PBXNativeTarget "Clue" */ = {
			isa = XCConfigurationList;
			buildConfigurations = (
				0A2B22FB1A898256008EAF60 /* Debug */,
				0A2B22FC1A898256008EAF60 /* Release */,
			);
			defaultConfigurationIsVisible = 0;
			defaultConfigurationName = Release;
		};
		0A2B23161A89A1FD008EAF60 /* Build configuration list for PBXNativeTarget "math" */ = {
			isa = XCConfigurationList;
			buildConfigurations = (
				0A2B23171A89A1FD008EAF60 /* Debug */,
				0A2B23181A89A1FD008EAF60 /* Release */,
			);
			defaultConfigurationIsVisible = 0;
			defaultConfigurationName = Release;
		};
		0AFF10EA1A89B4B400050D1B /* Build configuration list for PBXNativeTarget "VectorTests" */ = {
			isa = XCConfigurationList;
			buildConfigurations = (
				0AFF10E81A89B4B400050D1B /* Debug */,
				0AFF10E91A89B4B400050D1B /* Release */,
			);
			defaultConfigurationIsVisible = 0;
			defaultConfigurationName = Release;
		};
		0AFF11301A89CDBD00050D1B /* Build configuration list for PBXNativeTarget "gui" */ = {
			isa = XCConfigurationList;
			buildConfigurations = (
				0AFF11311A89CDBD00050D1B /* Debug */,
				0AFF11321A89CDBD00050D1B /* Release */,
			);
			defaultConfigurationIsVisible = 0;
			defaultConfigurationName = Release;
		};
/* End XCConfigurationList section */
	};
	rootObject = 0A2B22EB1A898256008EAF60 /* Project object */;
}
