// !$*UTF8*$!
{
	archiveVersion = 1;
	classes = {
	};
	objectVersion = 46;
	objects = {

/* Begin PBXBuildFile section */
		0A2B22F71A898256008EAF60 /* main.cpp in Sources */ = {isa = PBXBuildFile; fileRef = 0A2B22F61A898256008EAF60 /* main.cpp */; };
		0A2B22FF1A898E92008EAF60 /* libglfw3.3.0.dylib in Frameworks */ = {isa = PBXBuildFile; fileRef = 0A2B22FE1A898E92008EAF60 /* libglfw3.3.0.dylib */; };
		0A2B23011A898EA3008EAF60 /* Cocoa.framework in Frameworks */ = {isa = PBXBuildFile; fileRef = 0A2B23001A898EA3008EAF60 /* Cocoa.framework */; };
		0A2B23031A898EAA008EAF60 /* OpenGL.framework in Frameworks */ = {isa = PBXBuildFile; fileRef = 0A2B23021A898EAA008EAF60 /* OpenGL.framework */; };
		0A2B23051A898EB4008EAF60 /* IOKit.framework in Frameworks */ = {isa = PBXBuildFile; fileRef = 0A2B23041A898EB4008EAF60 /* IOKit.framework */; };
		0A2B23071A898FF1008EAF60 /* gtest.framework in Frameworks */ = {isa = PBXBuildFile; fileRef = 0A2B23061A898FF1008EAF60 /* gtest.framework */; };
/* End PBXBuildFile section */

/* Begin PBXCopyFilesBuildPhase section */
		0A2B22F11A898256008EAF60 /* CopyFiles */ = {
			isa = PBXCopyFilesBuildPhase;
			buildActionMask = 2147483647;
			dstPath = /usr/share/man/man1/;
			dstSubfolderSpec = 0;
			files = (
			);
			runOnlyForDeploymentPostprocessing = 1;
		};
/* End PBXCopyFilesBuildPhase section */

/* Begin PBXFileReference section */
		0A2B22F31A898256008EAF60 /* Clue */ = {isa = PBXFileReference; explicitFileType = "compiled.mach-o.executable"; includeInIndex = 0; path = Clue; sourceTree = BUILT_PRODUCTS_DIR; };
		0A2B22F61A898256008EAF60 /* main.cpp */ = {isa = PBXFileReference; lastKnownFileType = sourcecode.cpp.cpp; path = main.cpp; sourceTree = "<group>"; };
		0A2B22FE1A898E92008EAF60 /* libglfw3.3.0.dylib */ = {isa = PBXFileReference; lastKnownFileType = "compiled.mach-o.dylib"; name = libglfw3.3.0.dylib; path = ../../../../usr/local/Cellar/glfw3/3.0.4/lib/libglfw3.3.0.dylib; sourceTree = "<group>"; };
		0A2B23001A898EA3008EAF60 /* Cocoa.framework */ = {isa = PBXFileReference; lastKnownFileType = wrapper.framework; name = Cocoa.framework; path = System/Library/Frameworks/Cocoa.framework; sourceTree = SDKROOT; };
		0A2B23021A898EAA008EAF60 /* OpenGL.framework */ = {isa = PBXFileReference; lastKnownFileType = wrapper.framework; name = OpenGL.framework; path = System/Library/Frameworks/OpenGL.framework; sourceTree = SDKROOT; };
		0A2B23041A898EB4008EAF60 /* IOKit.framework */ = {isa = PBXFileReference; lastKnownFileType = wrapper.framework; name = IOKit.framework; path = System/Library/Frameworks/IOKit.framework; sourceTree = SDKROOT; };
		0A2B23061A898FF1008EAF60 /* gtest.framework */ = {isa = PBXFileReference; lastKnownFileType = wrapper.framework; name = gtest.framework; path = ../../Desktop/gtest.framework; sourceTree = "<group>"; };
/* End PBXFileReference section */

/* Begin PBXFrameworksBuildPhase section */
		0A2B22F01A898256008EAF60 /* Frameworks */ = {
			isa = PBXFrameworksBuildPhase;
			buildActionMask = 2147483647;
			files = (
				0A2B23051A898EB4008EAF60 /* IOKit.framework in Frameworks */,
				0A2B23031A898EAA008EAF60 /* OpenGL.framework in Frameworks */,
				0A2B23011A898EA3008EAF60 /* Cocoa.framework in Frameworks */,
				0A2B23071A898FF1008EAF60 /* gtest.framework in Frameworks */,
				0A2B22FF1A898E92008EAF60 /* libglfw3.3.0.dylib in Frameworks */,
			);
			runOnlyForDeploymentPostprocessing = 0;
		};
/* End PBXFrameworksBuildPhase section */

/* Begin PBXGroup section */
		0A2B22EA1A898256008EAF60 = {
			isa = PBXGroup;
			children = (
				0A2B23061A898FF1008EAF60 /* gtest.framework */,
				0A2B23041A898EB4008EAF60 /* IOKit.framework */,
				0A2B23021A898EAA008EAF60 /* OpenGL.framework */,
				0A2B23001A898EA3008EAF60 /* Cocoa.framework */,
				0A2B22FE1A898E92008EAF60 /* libglfw3.3.0.dylib */,
				0A2B22FD1A8985F8008EAF60 /* src */,
				0A2B22F51A898256008EAF60 /* Clue */,
				0A2B22F41A898256008EAF60 /* Products */,
			);
			sourceTree = "<group>";
		};
		0A2B22F41A898256008EAF60 /* Products */ = {
			isa = PBXGroup;
			children = (
				0A2B22F31A898256008EAF60 /* Clue */,
			);
			name = Products;
			sourceTree = "<group>";
		};
		0A2B22F51A898256008EAF60 /* Clue */ = {
			isa = PBXGroup;
			children = (
				0A2B22F61A898256008EAF60 /* main.cpp */,
			);
			path = Clue;
			sourceTree = "<group>";
		};
		0A2B22FD1A8985F8008EAF60 /* src */ = {
			isa = PBXGroup;
			children = (
			);
			name = src;
			sourceTree = "<group>";
		};
/* End PBXGroup section */

/* Begin PBXNativeTarget section */
		0A2B22F21A898256008EAF60 /* Clue */ = {
			isa = PBXNativeTarget;
			buildConfigurationList = 0A2B22FA1A898256008EAF60 /* Build configuration list for PBXNativeTarget "Clue" */;
			buildPhases = (
				0A2B22EF1A898256008EAF60 /* Sources */,
				0A2B22F01A898256008EAF60 /* Frameworks */,
				0A2B22F11A898256008EAF60 /* CopyFiles */,
			);
			buildRules = (
			);
			dependencies = (
			);
			name = Clue;
			productName = Clue;
			productReference = 0A2B22F31A898256008EAF60 /* Clue */;
			productType = "com.apple.product-type.tool";
		};
/* End PBXNativeTarget section */

/* Begin PBXProject section */
		0A2B22EB1A898256008EAF60 /* Project object */ = {
			isa = PBXProject;
			attributes = {
				LastUpgradeCheck = 0610;
				ORGANIZATIONNAME = "JDG Corp";
				TargetAttributes = {
					0A2B22F21A898256008EAF60 = {
						CreatedOnToolsVersion = 6.1.1;
					};
				};
			};
			buildConfigurationList = 0A2B22EE1A898256008EAF60 /* Build configuration list for PBXProject "Clue" */;
			compatibilityVersion = "Xcode 3.2";
			developmentRegion = English;
			hasScannedForEncodings = 0;
			knownRegions = (
				en,
			);
			mainGroup = 0A2B22EA1A898256008EAF60;
			productRefGroup = 0A2B22F41A898256008EAF60 /* Products */;
			projectDirPath = "";
			projectRoot = "";
			targets = (
				0A2B22F21A898256008EAF60 /* Clue */,
			);
		};
/* End PBXProject section */

/* Begin PBXSourcesBuildPhase section */
		0A2B22EF1A898256008EAF60 /* Sources */ = {
			isa = PBXSourcesBuildPhase;
			buildActionMask = 2147483647;
			files = (
				0A2B22F71A898256008EAF60 /* main.cpp in Sources */,
			);
			runOnlyForDeploymentPostprocessing = 0;
		};
/* End PBXSourcesBuildPhase section */

/* Begin XCBuildConfiguration section */
		0A2B22F81A898256008EAF60 /* Debug */ = {
			isa = XCBuildConfiguration;
			buildSettings = {
				ALWAYS_SEARCH_USER_PATHS = NO;
				CLANG_CXX_LANGUAGE_STANDARD = "gnu++0x";
				CLANG_CXX_LIBRARY = "libc++";
				CLANG_ENABLE_MODULES = YES;
				CLANG_ENABLE_OBJC_ARC = YES;
				CLANG_WARN_BOOL_CONVERSION = YES;
				CLANG_WARN_CONSTANT_CONVERSION = YES;
				CLANG_WARN_DIRECT_OBJC_ISA_USAGE = YES_ERROR;
				CLANG_WARN_EMPTY_BODY = YES;
				CLANG_WARN_ENUM_CONVERSION = YES;
				CLANG_WARN_INT_CONVERSION = YES;
				CLANG_WARN_OBJC_ROOT_CLASS = YES_ERROR;
				CLANG_WARN_UNREACHABLE_CODE = YES;
				CLANG_WARN__DUPLICATE_METHOD_MATCH = YES;
				COPY_PHASE_STRIP = NO;
				ENABLE_STRICT_OBJC_MSGSEND = YES;
				GCC_C_LANGUAGE_STANDARD = gnu99;
				GCC_DYNAMIC_NO_PIC = NO;
				GCC_OPTIMIZATION_LEVEL = 0;
				GCC_PREPROCESSOR_DEFINITIONS = (
					"DEBUG=1",
					"$(inherited)",
				);
				GCC_SYMBOLS_PRIVATE_EXTERN = NO;
				GCC_WARN_64_TO_32_BIT_CONVERSION = YES;
				GCC_WARN_ABOUT_RETURN_TYPE = YES_ERROR;
				GCC_WARN_UNDECLARED_SELECTOR = YES;
				GCC_WARN_UNINITIALIZED_AUTOS = YES_AGGRESSIVE;
				GCC_WARN_UNUSED_FUNCTION = YES;
				GCC_WARN_UNUSED_VARIABLE = YES;
				HEADER_SEARCH_PATHS = (
					"$(inherited)",
					/Applications/Xcode.app/Contents/Developer/Toolchains/XcodeDefault.xctoolchain/usr/include,
					/usr/local/include,
				);
				MACOSX_DEPLOYMENT_TARGET = 10.10;
				MTL_ENABLE_DEBUG_INFO = YES;
				ONLY_ACTIVE_ARCH = YES;
				SDKROOT = macosx;
			};
			name = Debug;
		};
		0A2B22F91A898256008EAF60 /* Release */ = {
			isa = XCBuildConfiguration;
			buildSettings = {
				ALWAYS_SEARCH_USER_PATHS = NO;
				CLANG_CXX_LANGUAGE_STANDARD = "gnu++0x";
				CLANG_CXX_LIBRARY = "libc++";
				CLANG_ENABLE_MODULES = YES;
				CLANG_ENABLE_OBJC_ARC = YES;
				CLANG_WARN_BOOL_CONVERSION = YES;
				CLANG_WARN_CONSTANT_CONVERSION = YES;
				CLANG_WARN_DIRECT_OBJC_ISA_USAGE = YES_ERROR;
				CLANG_WARN_EMPTY_BODY = YES;
				CLANG_WARN_ENUM_CONVERSION = YES;
				CLANG_WARN_INT_CONVERSION = YES;
				CLANG_WARN_OBJC_ROOT_CLASS = YES_ERROR;
				CLANG_WARN_UNREACHABLE_CODE = YES;
				CLANG_WARN__DUPLICATE_METHOD_MATCH = YES;
				COPY_PHASE_STRIP = YES;
				DEBUG_INFORMATION_FORMAT = "dwarf-with-dsym";
				ENABLE_NS_ASSERTIONS = NO;
				ENABLE_STRICT_OBJC_MSGSEND = YES;
				GCC_C_LANGUAGE_STANDARD = gnu99;
				GCC_WARN_64_TO_32_BIT_CONVERSION = YES;
				GCC_WARN_ABOUT_RETURN_TYPE = YES_ERROR;
				GCC_WARN_UNDECLARED_SELECTOR = YES;
				GCC_WARN_UNINITIALIZED_AUTOS = YES_AGGRESSIVE;
				GCC_WARN_UNUSED_FUNCTION = YES;
				GCC_WARN_UNUSED_VARIABLE = YES;
				HEADER_SEARCH_PATHS = (
					"$(inherited)",
					/Applications/Xcode.app/Contents/Developer/Toolchains/XcodeDefault.xctoolchain/usr/include,
					/usr/local/include,
				);
				MACOSX_DEPLOYMENT_TARGET = 10.10;
				MTL_ENABLE_DEBUG_INFO = NO;
				SDKROOT = macosx;
			};
			name = Release;
		};
		0A2B22FB1A898256008EAF60 /* Debug */ = {
			isa = XCBuildConfiguration;
			buildSettings = {
				FRAMEWORK_SEARCH_PATHS = (
					"$(inherited)",
					/Users/gillis/Desktop,
				);
				LIBRARY_SEARCH_PATHS = (
					"$(inherited)",
					/usr/local/Cellar/glfw3/3.0.4/lib,
				);
				PRODUCT_NAME = "$(TARGET_NAME)";
			};
			name = Debug;
		};
		0A2B22FC1A898256008EAF60 /* Release */ = {
			isa = XCBuildConfiguration;
			buildSettings = {
				FRAMEWORK_SEARCH_PATHS = (
					"$(inherited)",
					/Users/gillis/Desktop,
				);
				LIBRARY_SEARCH_PATHS = (
					"$(inherited)",
					/usr/local/Cellar/glfw3/3.0.4/lib,
				);
				PRODUCT_NAME = "$(TARGET_NAME)";
			};
			name = Release;
		};
/* End XCBuildConfiguration section */

/* Begin XCConfigurationList section */
		0A2B22EE1A898256008EAF60 /* Build configuration list for PBXProject "Clue" */ = {
			isa = XCConfigurationList;
			buildConfigurations = (
				0A2B22F81A898256008EAF60 /* Debug */,
				0A2B22F91A898256008EAF60 /* Release */,
			);
			defaultConfigurationIsVisible = 0;
			defaultConfigurationName = Release;
		};
		0A2B22FA1A898256008EAF60 /* Build configuration list for PBXNativeTarget "Clue" */ = {
			isa = XCConfigurationList;
			buildConfigurations = (
				0A2B22FB1A898256008EAF60 /* Debug */,
				0A2B22FC1A898256008EAF60 /* Release */,
			);
			defaultConfigurationIsVisible = 0;
			defaultConfigurationName = Release;
		};
/* End XCConfigurationList section */
	};
	rootObject = 0A2B22EB1A898256008EAF60 /* Project object */;
}
